
Microsoft Visual Studio Solution File, Format Version 12.00
# Visual Studio 15
VisualStudioVersion = 15.0.28307.421
MinimumVisualStudioVersion = 10.0.40219.1
Project("{FAE04EC0-301F-11D3-BF4B-00C04F79EFBC}") = "SnappetTrueskill", "SnappetTrueskill\SnappetTrueskill.csproj", "{A3BD39F2-62BF-4AF2-B30E-80626D751042}"
EndProject
Global
	GlobalSection(SolutionConfigurationPlatforms) = preSolution
		Debug|Any CPU = Debug|Any CPU
		Release|Any CPU = Release|Any CPU
	EndGlobalSection
	GlobalSection(ProjectConfigurationPlatforms) = postSolution
		{A3BD39F2-62BF-4AF2-B30E-80626D751042}.Debug|Any CPU.ActiveCfg = Debug|Any CPU
		{A3BD39F2-62BF-4AF2-B30E-80626D751042}.Debug|Any CPU.Build.0 = Debug|Any CPU
		{A3BD39F2-62BF-4AF2-B30E-80626D751042}.Release|Any CPU.ActiveCfg = Release|Any CPU
		{A3BD39F2-62BF-4AF2-B30E-80626D751042}.Release|Any CPU.Build.0 = Release|Any CPU
	EndGlobalSection
	GlobalSection(SolutionProperties) = preSolution
		HideSolutionNode = FALSE
	EndGlobalSection
	GlobalSection(ExtensibilityGlobals) = postSolution
		SolutionGuid = {36333996-C77E-437F-BAEE-F605EC9EE954}
	EndGlobalSection
EndGlobal
