
Microsoft Visual Studio Solution File, Format Version 12.00
# Visual Studio Version 16
VisualStudioVersion = 16.0.30523.141
MinimumVisualStudioVersion = 10.0.40219.1
Project("{FAE04EC0-301F-11D3-BF4B-00C04F79EFBC}") = "SnappetReports", "SnappetReports\SnappetReports.csproj", "{EF15822B-D519-43BB-BEDB-D91B07CBF23C}"
EndProject
Global
	GlobalSection(SolutionConfigurationPlatforms) = preSolution
		Debug|Any CPU = Debug|Any CPU
		Release|Any CPU = Release|Any CPU
	EndGlobalSection
	GlobalSection(ProjectConfigurationPlatforms) = postSolution
		{EF15822B-D519-43BB-BEDB-D91B07CBF23C}.Debug|Any CPU.ActiveCfg = Debug|Any CPU
		{EF15822B-D519-43BB-BEDB-D91B07CBF23C}.Debug|Any CPU.Build.0 = Debug|Any CPU
		{EF15822B-D519-43BB-BEDB-D91B07CBF23C}.Release|Any CPU.ActiveCfg = Release|Any CPU
		{EF15822B-D519-43BB-BEDB-D91B07CBF23C}.Release|Any CPU.Build.0 = Release|Any CPU
	EndGlobalSection
	GlobalSection(SolutionProperties) = preSolution
		HideSolutionNode = FALSE
	EndGlobalSection
	GlobalSection(ExtensibilityGlobals) = postSolution
		SolutionGuid = {F0F77055-6151-4984-8C00-61A196C63F7D}
	EndGlobalSection
EndGlobal
