
Microsoft Visual Studio Solution File, Format Version 12.00
# Visual Studio 14
VisualStudioVersion = 14.0.25420.1
MinimumVisualStudioVersion = 10.0.40219.1
Project("{8BB2217D-0F2D-49D1-97BC-3654ED321F3B}") = "Snappet.Reporting.Api", "src\Snappet.Reporting.Api\Snappet.Reporting.Api.xproj", "{272DE15D-D26B-43DC-ADB0-62A4B0DF426F}"
EndProject
Project("{8BB2217D-0F2D-49D1-97BC-3654ED321F3B}") = "Snappet.Reporting.Application", "src\Snappet.Reporting.Application\Snappet.Reporting.Application.xproj", "{10C08072-5C6C-4B16-B64D-8CED52D2FF7E}"
EndProject
Project("{8BB2217D-0F2D-49D1-97BC-3654ED321F3B}") = "Snappet.Reporting.Storage.Sql", "src\Snappet.Reporting.Storage.Sql\Snappet.Reporting.Storage.Sql.xproj", "{BEE0253E-3B9C-4E85-8B8C-E905B2BE6E48}"
EndProject
Project("{2150E333-8FDC-42A3-9474-1A3956D46DE8}") = "test", "test", "{2849E4B2-2B0D-4878-8F9E-C3C8B7B92C40}"
EndProject
Project("{8BB2217D-0F2D-49D1-97BC-3654ED321F3B}") = "Snappet.Reporting.Application.UnitTests", "test\Snappet.Reporting.Application.UnitTests\Snappet.Reporting.Application.UnitTests.xproj", "{0063CFEC-11F9-4DCA-B195-B73CB4A49136}"
EndProject
Project("{2150E333-8FDC-42A3-9474-1A3956D46DE8}") = "Solution Items", "Solution Items", "{ADB9F7EB-A8E4-4B8A-AE31-89BD124FE8B6}"
	ProjectSection(SolutionItems) = preProject
		global.json = global.json
	EndProjectSection
EndProject
Project("{8BB2217D-0F2D-49D1-97BC-3654ED321F3B}") = "Snappet.Reporting.Webapp", "src\Snappet.Reporting.WebApp\Snappet.Reporting.Webapp.xproj", "{F39CCD2A-F308-48F7-B077-4097A28A3A26}"
EndProject
Global
	GlobalSection(SolutionConfigurationPlatforms) = preSolution
		Debug|Any CPU = Debug|Any CPU
		Release|Any CPU = Release|Any CPU
	EndGlobalSection
	GlobalSection(ProjectConfigurationPlatforms) = postSolution
		{272DE15D-D26B-43DC-ADB0-62A4B0DF426F}.Debug|Any CPU.ActiveCfg = Debug|Any CPU
		{272DE15D-D26B-43DC-ADB0-62A4B0DF426F}.Debug|Any CPU.Build.0 = Debug|Any CPU
		{272DE15D-D26B-43DC-ADB0-62A4B0DF426F}.Release|Any CPU.ActiveCfg = Release|Any CPU
		{272DE15D-D26B-43DC-ADB0-62A4B0DF426F}.Release|Any CPU.Build.0 = Release|Any CPU
		{10C08072-5C6C-4B16-B64D-8CED52D2FF7E}.Debug|Any CPU.ActiveCfg = Debug|Any CPU
		{10C08072-5C6C-4B16-B64D-8CED52D2FF7E}.Debug|Any CPU.Build.0 = Debug|Any CPU
		{10C08072-5C6C-4B16-B64D-8CED52D2FF7E}.Release|Any CPU.ActiveCfg = Release|Any CPU
		{10C08072-5C6C-4B16-B64D-8CED52D2FF7E}.Release|Any CPU.Build.0 = Release|Any CPU
		{BEE0253E-3B9C-4E85-8B8C-E905B2BE6E48}.Debug|Any CPU.ActiveCfg = Debug|Any CPU
		{BEE0253E-3B9C-4E85-8B8C-E905B2BE6E48}.Debug|Any CPU.Build.0 = Debug|Any CPU
		{BEE0253E-3B9C-4E85-8B8C-E905B2BE6E48}.Release|Any CPU.ActiveCfg = Release|Any CPU
		{BEE0253E-3B9C-4E85-8B8C-E905B2BE6E48}.Release|Any CPU.Build.0 = Release|Any CPU
		{0063CFEC-11F9-4DCA-B195-B73CB4A49136}.Debug|Any CPU.ActiveCfg = Debug|Any CPU
		{0063CFEC-11F9-4DCA-B195-B73CB4A49136}.Debug|Any CPU.Build.0 = Debug|Any CPU
		{0063CFEC-11F9-4DCA-B195-B73CB4A49136}.Release|Any CPU.ActiveCfg = Release|Any CPU
		{0063CFEC-11F9-4DCA-B195-B73CB4A49136}.Release|Any CPU.Build.0 = Release|Any CPU
		{F39CCD2A-F308-48F7-B077-4097A28A3A26}.Debug|Any CPU.ActiveCfg = Debug|Any CPU
		{F39CCD2A-F308-48F7-B077-4097A28A3A26}.Debug|Any CPU.Build.0 = Debug|Any CPU
		{F39CCD2A-F308-48F7-B077-4097A28A3A26}.Release|Any CPU.ActiveCfg = Release|Any CPU
		{F39CCD2A-F308-48F7-B077-4097A28A3A26}.Release|Any CPU.Build.0 = Release|Any CPU
	EndGlobalSection
	GlobalSection(SolutionProperties) = preSolution
		HideSolutionNode = FALSE
	EndGlobalSection
	GlobalSection(NestedProjects) = preSolution
		{0063CFEC-11F9-4DCA-B195-B73CB4A49136} = {2849E4B2-2B0D-4878-8F9E-C3C8B7B92C40}
	EndGlobalSection
EndGlobal
