
Microsoft Visual Studio Solution File, Format Version 12.00
# Visual Studio Version 17
VisualStudioVersion = 17.3.32901.215
MinimumVisualStudioVersion = 10.0.40219.1
Project("{9A19103F-16F7-4668-BE54-9A1E7A4F7556}") = "SnappetChallenge.Client", "SnappetChallengeFrontEnd\SnappentStudentsOverview\SnappetChallenge.Client.csproj", "{2406225D-13AD-47AB-88A6-3394FB3EF5C7}"
EndProject
Project("{FAE04EC0-301F-11D3-BF4B-00C04F79EFBC}") = "SnappetChallenge.Android", "SnappetChallengeFrontEnd\SnappentStudentsOverview.Android\SnappetChallenge.Android.csproj", "{6C51F574-F6B5-4D99-AD07-D998DB8CC6F7}"
EndProject
Project("{FAE04EC0-301F-11D3-BF4B-00C04F79EFBC}") = "SnappetChallenge.iOS", "SnappetChallengeFrontEnd\SnappentStudentsOverview.iOS\SnappetChallenge.iOS.csproj", "{701A1F0D-9012-491F-91EB-8C00222356EC}"
EndProject
Project("{FAE04EC0-301F-11D3-BF4B-00C04F79EFBC}") = "SnappetChallenge.UWP", "SnappetChallengeFrontEnd\SnappentStudentsOverview.UWP\SnappetChallenge.UWP.csproj", "{C18AACEE-076B-426F-B278-8F0528E44190}"
EndProject
Global
	GlobalSection(SolutionConfigurationPlatforms) = preSolution
		Debug|Any CPU = Debug|Any CPU
		Debug|ARM = Debug|ARM
		Debug|iPhone = Debug|iPhone
		Debug|iPhoneSimulator = Debug|iPhoneSimulator
		Debug|x64 = Debug|x64
		Debug|x86 = Debug|x86
		Release|Any CPU = Release|Any CPU
		Release|ARM = Release|ARM
		Release|iPhone = Release|iPhone
		Release|iPhoneSimulator = Release|iPhoneSimulator
		Release|x64 = Release|x64
		Release|x86 = Release|x86
	EndGlobalSection
	GlobalSection(ProjectConfigurationPlatforms) = postSolution
		{2406225D-13AD-47AB-88A6-3394FB3EF5C7}.Debug|Any CPU.ActiveCfg = Debug|Any CPU
		{2406225D-13AD-47AB-88A6-3394FB3EF5C7}.Debug|Any CPU.Build.0 = Debug|Any CPU
		{2406225D-13AD-47AB-88A6-3394FB3EF5C7}.Debug|ARM.ActiveCfg = Debug|Any CPU
		{2406225D-13AD-47AB-88A6-3394FB3EF5C7}.Debug|ARM.Build.0 = Debug|Any CPU
		{2406225D-13AD-47AB-88A6-3394FB3EF5C7}.Debug|iPhone.ActiveCfg = Debug|Any CPU
		{2406225D-13AD-47AB-88A6-3394FB3EF5C7}.Debug|iPhone.Build.0 = Debug|Any CPU
		{2406225D-13AD-47AB-88A6-3394FB3EF5C7}.Debug|iPhoneSimulator.ActiveCfg = Debug|Any CPU
		{2406225D-13AD-47AB-88A6-3394FB3EF5C7}.Debug|iPhoneSimulator.Build.0 = Debug|Any CPU
		{2406225D-13AD-47AB-88A6-3394FB3EF5C7}.Debug|x64.ActiveCfg = Debug|Any CPU
		{2406225D-13AD-47AB-88A6-3394FB3EF5C7}.Debug|x64.Build.0 = Debug|Any CPU
		{2406225D-13AD-47AB-88A6-3394FB3EF5C7}.Debug|x86.ActiveCfg = Debug|Any CPU
		{2406225D-13AD-47AB-88A6-3394FB3EF5C7}.Debug|x86.Build.0 = Debug|Any CPU
		{2406225D-13AD-47AB-88A6-3394FB3EF5C7}.Release|Any CPU.ActiveCfg = Release|Any CPU
		{2406225D-13AD-47AB-88A6-3394FB3EF5C7}.Release|Any CPU.Build.0 = Release|Any CPU
		{2406225D-13AD-47AB-88A6-3394FB3EF5C7}.Release|ARM.ActiveCfg = Release|Any CPU
		{2406225D-13AD-47AB-88A6-3394FB3EF5C7}.Release|ARM.Build.0 = Release|Any CPU
		{2406225D-13AD-47AB-88A6-3394FB3EF5C7}.Release|iPhone.ActiveCfg = Release|Any CPU
		{2406225D-13AD-47AB-88A6-3394FB3EF5C7}.Release|iPhone.Build.0 = Release|Any CPU
		{2406225D-13AD-47AB-88A6-3394FB3EF5C7}.Release|iPhoneSimulator.ActiveCfg = Release|Any CPU
		{2406225D-13AD-47AB-88A6-3394FB3EF5C7}.Release|iPhoneSimulator.Build.0 = Release|Any CPU
		{2406225D-13AD-47AB-88A6-3394FB3EF5C7}.Release|x64.ActiveCfg = Release|Any CPU
		{2406225D-13AD-47AB-88A6-3394FB3EF5C7}.Release|x64.Build.0 = Release|Any CPU
		{2406225D-13AD-47AB-88A6-3394FB3EF5C7}.Release|x86.ActiveCfg = Release|Any CPU
		{2406225D-13AD-47AB-88A6-3394FB3EF5C7}.Release|x86.Build.0 = Release|Any CPU
		{6C51F574-F6B5-4D99-AD07-D998DB8CC6F7}.Debug|Any CPU.ActiveCfg = Debug|Any CPU
		{6C51F574-F6B5-4D99-AD07-D998DB8CC6F7}.Debug|Any CPU.Build.0 = Debug|Any CPU
		{6C51F574-F6B5-4D99-AD07-D998DB8CC6F7}.Debug|Any CPU.Deploy.0 = Debug|Any CPU
		{6C51F574-F6B5-4D99-AD07-D998DB8CC6F7}.Debug|ARM.ActiveCfg = Debug|Any CPU
		{6C51F574-F6B5-4D99-AD07-D998DB8CC6F7}.Debug|ARM.Build.0 = Debug|Any CPU
		{6C51F574-F6B5-4D99-AD07-D998DB8CC6F7}.Debug|ARM.Deploy.0 = Debug|Any CPU
		{6C51F574-F6B5-4D99-AD07-D998DB8CC6F7}.Debug|iPhone.ActiveCfg = Debug|Any CPU
		{6C51F574-F6B5-4D99-AD07-D998DB8CC6F7}.Debug|iPhone.Build.0 = Debug|Any CPU
		{6C51F574-F6B5-4D99-AD07-D998DB8CC6F7}.Debug|iPhone.Deploy.0 = Debug|Any CPU
		{6C51F574-F6B5-4D99-AD07-D998DB8CC6F7}.Debug|iPhoneSimulator.ActiveCfg = Debug|Any CPU
		{6C51F574-F6B5-4D99-AD07-D998DB8CC6F7}.Debug|iPhoneSimulator.Build.0 = Debug|Any CPU
		{6C51F574-F6B5-4D99-AD07-D998DB8CC6F7}.Debug|iPhoneSimulator.Deploy.0 = Debug|Any CPU
		{6C51F574-F6B5-4D99-AD07-D998DB8CC6F7}.Debug|x64.ActiveCfg = Debug|Any CPU
		{6C51F574-F6B5-4D99-AD07-D998DB8CC6F7}.Debug|x64.Build.0 = Debug|Any CPU
		{6C51F574-F6B5-4D99-AD07-D998DB8CC6F7}.Debug|x64.Deploy.0 = Debug|Any CPU
		{6C51F574-F6B5-4D99-AD07-D998DB8CC6F7}.Debug|x86.ActiveCfg = Debug|Any CPU
		{6C51F574-F6B5-4D99-AD07-D998DB8CC6F7}.Debug|x86.Build.0 = Debug|Any CPU
		{6C51F574-F6B5-4D99-AD07-D998DB8CC6F7}.Debug|x86.Deploy.0 = Debug|Any CPU
		{6C51F574-F6B5-4D99-AD07-D998DB8CC6F7}.Release|Any CPU.ActiveCfg = Release|Any CPU
		{6C51F574-F6B5-4D99-AD07-D998DB8CC6F7}.Release|Any CPU.Build.0 = Release|Any CPU
		{6C51F574-F6B5-4D99-AD07-D998DB8CC6F7}.Release|Any CPU.Deploy.0 = Release|Any CPU
		{6C51F574-F6B5-4D99-AD07-D998DB8CC6F7}.Release|ARM.ActiveCfg = Release|Any CPU
		{6C51F574-F6B5-4D99-AD07-D998DB8CC6F7}.Release|ARM.Build.0 = Release|Any CPU
		{6C51F574-F6B5-4D99-AD07-D998DB8CC6F7}.Release|ARM.Deploy.0 = Release|Any CPU
		{6C51F574-F6B5-4D99-AD07-D998DB8CC6F7}.Release|iPhone.ActiveCfg = Release|Any CPU
		{6C51F574-F6B5-4D99-AD07-D998DB8CC6F7}.Release|iPhone.Build.0 = Release|Any CPU
		{6C51F574-F6B5-4D99-AD07-D998DB8CC6F7}.Release|iPhone.Deploy.0 = Release|Any CPU
		{6C51F574-F6B5-4D99-AD07-D998DB8CC6F7}.Release|iPhoneSimulator.ActiveCfg = Release|Any CPU
		{6C51F574-F6B5-4D99-AD07-D998DB8CC6F7}.Release|iPhoneSimulator.Build.0 = Release|Any CPU
		{6C51F574-F6B5-4D99-AD07-D998DB8CC6F7}.Release|iPhoneSimulator.Deploy.0 = Release|Any CPU
		{6C51F574-F6B5-4D99-AD07-D998DB8CC6F7}.Release|x64.ActiveCfg = Release|Any CPU
		{6C51F574-F6B5-4D99-AD07-D998DB8CC6F7}.Release|x64.Build.0 = Release|Any CPU
		{6C51F574-F6B5-4D99-AD07-D998DB8CC6F7}.Release|x64.Deploy.0 = Release|Any CPU
		{6C51F574-F6B5-4D99-AD07-D998DB8CC6F7}.Release|x86.ActiveCfg = Release|Any CPU
		{6C51F574-F6B5-4D99-AD07-D998DB8CC6F7}.Release|x86.Build.0 = Release|Any CPU
		{6C51F574-F6B5-4D99-AD07-D998DB8CC6F7}.Release|x86.Deploy.0 = Release|Any CPU
		{701A1F0D-9012-491F-91EB-8C00222356EC}.Debug|Any CPU.ActiveCfg = Debug|iPhoneSimulator
		{701A1F0D-9012-491F-91EB-8C00222356EC}.Debug|Any CPU.Build.0 = Debug|iPhoneSimulator
		{701A1F0D-9012-491F-91EB-8C00222356EC}.Debug|ARM.ActiveCfg = Debug|iPhoneSimulator
		{701A1F0D-9012-491F-91EB-8C00222356EC}.Debug|ARM.Build.0 = Debug|iPhoneSimulator
		{701A1F0D-9012-491F-91EB-8C00222356EC}.Debug|iPhone.ActiveCfg = Debug|iPhone
		{701A1F0D-9012-491F-91EB-8C00222356EC}.Debug|iPhone.Build.0 = Debug|iPhone
		{701A1F0D-9012-491F-91EB-8C00222356EC}.Debug|iPhoneSimulator.ActiveCfg = Debug|iPhoneSimulator
		{701A1F0D-9012-491F-91EB-8C00222356EC}.Debug|iPhoneSimulator.Build.0 = Debug|iPhoneSimulator
		{701A1F0D-9012-491F-91EB-8C00222356EC}.Debug|x64.ActiveCfg = Debug|iPhoneSimulator
		{701A1F0D-9012-491F-91EB-8C00222356EC}.Debug|x64.Build.0 = Debug|iPhoneSimulator
		{701A1F0D-9012-491F-91EB-8C00222356EC}.Debug|x86.ActiveCfg = Debug|iPhoneSimulator
		{701A1F0D-9012-491F-91EB-8C00222356EC}.Debug|x86.Build.0 = Debug|iPhoneSimulator
		{701A1F0D-9012-491F-91EB-8C00222356EC}.Release|Any CPU.ActiveCfg = Release|iPhoneSimulator
		{701A1F0D-9012-491F-91EB-8C00222356EC}.Release|Any CPU.Build.0 = Release|iPhoneSimulator
		{701A1F0D-9012-491F-91EB-8C00222356EC}.Release|ARM.ActiveCfg = Release|iPhoneSimulator
		{701A1F0D-9012-491F-91EB-8C00222356EC}.Release|ARM.Build.0 = Release|iPhoneSimulator
		{701A1F0D-9012-491F-91EB-8C00222356EC}.Release|iPhone.ActiveCfg = Release|iPhone
		{701A1F0D-9012-491F-91EB-8C00222356EC}.Release|iPhone.Build.0 = Release|iPhone
		{701A1F0D-9012-491F-91EB-8C00222356EC}.Release|iPhoneSimulator.ActiveCfg = Release|iPhoneSimulator
		{701A1F0D-9012-491F-91EB-8C00222356EC}.Release|iPhoneSimulator.Build.0 = Release|iPhoneSimulator
		{701A1F0D-9012-491F-91EB-8C00222356EC}.Release|x64.ActiveCfg = Release|iPhoneSimulator
		{701A1F0D-9012-491F-91EB-8C00222356EC}.Release|x64.Build.0 = Release|iPhoneSimulator
		{701A1F0D-9012-491F-91EB-8C00222356EC}.Release|x86.ActiveCfg = Release|iPhoneSimulator
		{701A1F0D-9012-491F-91EB-8C00222356EC}.Release|x86.Build.0 = Release|iPhoneSimulator
		{C18AACEE-076B-426F-B278-8F0528E44190}.Debug|Any CPU.ActiveCfg = Debug|x64
		{C18AACEE-076B-426F-B278-8F0528E44190}.Debug|Any CPU.Build.0 = Debug|x64
		{C18AACEE-076B-426F-B278-8F0528E44190}.Debug|Any CPU.Deploy.0 = Debug|x64
		{C18AACEE-076B-426F-B278-8F0528E44190}.Debug|ARM.ActiveCfg = Debug|ARM
		{C18AACEE-076B-426F-B278-8F0528E44190}.Debug|ARM.Build.0 = Debug|ARM
		{C18AACEE-076B-426F-B278-8F0528E44190}.Debug|ARM.Deploy.0 = Debug|ARM
		{C18AACEE-076B-426F-B278-8F0528E44190}.Debug|iPhone.ActiveCfg = Debug|x64
		{C18AACEE-076B-426F-B278-8F0528E44190}.Debug|iPhone.Build.0 = Debug|x64
		{C18AACEE-076B-426F-B278-8F0528E44190}.Debug|iPhone.Deploy.0 = Debug|x64
		{C18AACEE-076B-426F-B278-8F0528E44190}.Debug|iPhoneSimulator.ActiveCfg = Debug|x64
		{C18AACEE-076B-426F-B278-8F0528E44190}.Debug|iPhoneSimulator.Build.0 = Debug|x64
		{C18AACEE-076B-426F-B278-8F0528E44190}.Debug|iPhoneSimulator.Deploy.0 = Debug|x64
		{C18AACEE-076B-426F-B278-8F0528E44190}.Debug|x64.ActiveCfg = Debug|x64
		{C18AACEE-076B-426F-B278-8F0528E44190}.Debug|x64.Build.0 = Debug|x64
		{C18AACEE-076B-426F-B278-8F0528E44190}.Debug|x64.Deploy.0 = Debug|x64
		{C18AACEE-076B-426F-B278-8F0528E44190}.Debug|x86.ActiveCfg = Debug|x86
		{C18AACEE-076B-426F-B278-8F0528E44190}.Debug|x86.Build.0 = Debug|x86
		{C18AACEE-076B-426F-B278-8F0528E44190}.Debug|x86.Deploy.0 = Debug|x86
		{C18AACEE-076B-426F-B278-8F0528E44190}.Release|Any CPU.ActiveCfg = Release|x64
		{C18AACEE-076B-426F-B278-8F0528E44190}.Release|Any CPU.Build.0 = Release|x64
		{C18AACEE-076B-426F-B278-8F0528E44190}.Release|Any CPU.Deploy.0 = Release|x64
		{C18AACEE-076B-426F-B278-8F0528E44190}.Release|ARM.ActiveCfg = Release|ARM
		{C18AACEE-076B-426F-B278-8F0528E44190}.Release|ARM.Build.0 = Release|ARM
		{C18AACEE-076B-426F-B278-8F0528E44190}.Release|ARM.Deploy.0 = Release|ARM
		{C18AACEE-076B-426F-B278-8F0528E44190}.Release|iPhone.ActiveCfg = Release|x64
		{C18AACEE-076B-426F-B278-8F0528E44190}.Release|iPhone.Build.0 = Release|x64
		{C18AACEE-076B-426F-B278-8F0528E44190}.Release|iPhone.Deploy.0 = Release|x64
		{C18AACEE-076B-426F-B278-8F0528E44190}.Release|iPhoneSimulator.ActiveCfg = Release|x64
		{C18AACEE-076B-426F-B278-8F0528E44190}.Release|iPhoneSimulator.Build.0 = Release|x64
		{C18AACEE-076B-426F-B278-8F0528E44190}.Release|iPhoneSimulator.Deploy.0 = Release|x64
		{C18AACEE-076B-426F-B278-8F0528E44190}.Release|x64.ActiveCfg = Release|x64
		{C18AACEE-076B-426F-B278-8F0528E44190}.Release|x64.Build.0 = Release|x64
		{C18AACEE-076B-426F-B278-8F0528E44190}.Release|x64.Deploy.0 = Release|x64
		{C18AACEE-076B-426F-B278-8F0528E44190}.Release|x86.ActiveCfg = Release|x86
		{C18AACEE-076B-426F-B278-8F0528E44190}.Release|x86.Build.0 = Release|x86
		{C18AACEE-076B-426F-B278-8F0528E44190}.Release|x86.Deploy.0 = Release|x86
	EndGlobalSection
	GlobalSection(SolutionProperties) = preSolution
		HideSolutionNode = FALSE
	EndGlobalSection
	GlobalSection(ExtensibilityGlobals) = postSolution
		SolutionGuid = {BDDA5072-79C6-4905-87AA-C208CF544645}
	EndGlobalSection
EndGlobal
