
Microsoft Visual Studio Solution File, Format Version 12.00
# Visual Studio 14
VisualStudioVersion = 14.0.25123.0
MinimumVisualStudioVersion = 10.0.40219.1
Project("{FAE04EC0-301F-11D3-BF4B-00C04F79EFBC}") = "Snappet.Web", "Snappet\Snappet.Web.csproj", "{645049A7-7739-4FF9-B39C-FC480F3A7428}"
EndProject
Project("{FAE04EC0-301F-11D3-BF4B-00C04F79EFBC}") = "Snappet.Entities", "Snappet.Entities\Snappet.Entities.csproj", "{58E37A37-8832-4208-A490-095ECCAF118B}"
EndProject
Project("{FAE04EC0-301F-11D3-BF4B-00C04F79EFBC}") = "Snappet.Data.Interfaces", "Snappet.Data.Interfaces\Snappet.Data.Interfaces.csproj", "{B5EB15E2-48AC-4579-8C75-B461FF8B28FC}"
EndProject
Project("{FAE04EC0-301F-11D3-BF4B-00C04F79EFBC}") = "Snappet.Entities.Interfaces", "Snappet.Entities.Interfaces\Snappet.Entities.Interfaces.csproj", "{B03F30FC-9BEA-4248-A202-AF5381CFE43B}"
EndProject
Project("{FAE04EC0-301F-11D3-BF4B-00C04F79EFBC}") = "Snappet.Data", "Snappet.Data\Snappet.Data.csproj", "{AA7AC3F2-FF83-495C-95D2-E23414FCC3C9}"
EndProject
Project("{FAE04EC0-301F-11D3-BF4B-00C04F79EFBC}") = "Snappet.Services", "Snappet.Services\Snappet.Services.csproj", "{02909662-BB9B-415E-AAF8-CC288C0A3CAC}"
EndProject
Project("{FAE04EC0-301F-11D3-BF4B-00C04F79EFBC}") = "Snappet.Services.Interfaces", "Snappet.Services.Interfaces\Snappet.Services.Interfaces.csproj", "{2E804959-067C-4FEB-B3BC-AE1F669F59C8}"
EndProject
Global
	GlobalSection(SolutionConfigurationPlatforms) = preSolution
		Debug|Any CPU = Debug|Any CPU
		Release|Any CPU = Release|Any CPU
	EndGlobalSection
	GlobalSection(ProjectConfigurationPlatforms) = postSolution
		{645049A7-7739-4FF9-B39C-FC480F3A7428}.Debug|Any CPU.ActiveCfg = Debug|Any CPU
		{645049A7-7739-4FF9-B39C-FC480F3A7428}.Debug|Any CPU.Build.0 = Debug|Any CPU
		{645049A7-7739-4FF9-B39C-FC480F3A7428}.Release|Any CPU.ActiveCfg = Release|Any CPU
		{645049A7-7739-4FF9-B39C-FC480F3A7428}.Release|Any CPU.Build.0 = Release|Any CPU
		{58E37A37-8832-4208-A490-095ECCAF118B}.Debug|Any CPU.ActiveCfg = Debug|Any CPU
		{58E37A37-8832-4208-A490-095ECCAF118B}.Debug|Any CPU.Build.0 = Debug|Any CPU
		{58E37A37-8832-4208-A490-095ECCAF118B}.Release|Any CPU.ActiveCfg = Release|Any CPU
		{58E37A37-8832-4208-A490-095ECCAF118B}.Release|Any CPU.Build.0 = Release|Any CPU
		{B5EB15E2-48AC-4579-8C75-B461FF8B28FC}.Debug|Any CPU.ActiveCfg = Debug|Any CPU
		{B5EB15E2-48AC-4579-8C75-B461FF8B28FC}.Debug|Any CPU.Build.0 = Debug|Any CPU
		{B5EB15E2-48AC-4579-8C75-B461FF8B28FC}.Release|Any CPU.ActiveCfg = Release|Any CPU
		{B5EB15E2-48AC-4579-8C75-B461FF8B28FC}.Release|Any CPU.Build.0 = Release|Any CPU
		{B03F30FC-9BEA-4248-A202-AF5381CFE43B}.Debug|Any CPU.ActiveCfg = Debug|Any CPU
		{B03F30FC-9BEA-4248-A202-AF5381CFE43B}.Debug|Any CPU.Build.0 = Debug|Any CPU
		{B03F30FC-9BEA-4248-A202-AF5381CFE43B}.Release|Any CPU.ActiveCfg = Release|Any CPU
		{B03F30FC-9BEA-4248-A202-AF5381CFE43B}.Release|Any CPU.Build.0 = Release|Any CPU
		{AA7AC3F2-FF83-495C-95D2-E23414FCC3C9}.Debug|Any CPU.ActiveCfg = Debug|Any CPU
		{AA7AC3F2-FF83-495C-95D2-E23414FCC3C9}.Debug|Any CPU.Build.0 = Debug|Any CPU
		{AA7AC3F2-FF83-495C-95D2-E23414FCC3C9}.Release|Any CPU.ActiveCfg = Release|Any CPU
		{AA7AC3F2-FF83-495C-95D2-E23414FCC3C9}.Release|Any CPU.Build.0 = Release|Any CPU
		{02909662-BB9B-415E-AAF8-CC288C0A3CAC}.Debug|Any CPU.ActiveCfg = Debug|Any CPU
		{02909662-BB9B-415E-AAF8-CC288C0A3CAC}.Debug|Any CPU.Build.0 = Debug|Any CPU
		{02909662-BB9B-415E-AAF8-CC288C0A3CAC}.Release|Any CPU.ActiveCfg = Release|Any CPU
		{02909662-BB9B-415E-AAF8-CC288C0A3CAC}.Release|Any CPU.Build.0 = Release|Any CPU
		{2E804959-067C-4FEB-B3BC-AE1F669F59C8}.Debug|Any CPU.ActiveCfg = Debug|Any CPU
		{2E804959-067C-4FEB-B3BC-AE1F669F59C8}.Debug|Any CPU.Build.0 = Debug|Any CPU
		{2E804959-067C-4FEB-B3BC-AE1F669F59C8}.Release|Any CPU.ActiveCfg = Release|Any CPU
		{2E804959-067C-4FEB-B3BC-AE1F669F59C8}.Release|Any CPU.Build.0 = Release|Any CPU
	EndGlobalSection
	GlobalSection(SolutionProperties) = preSolution
		HideSolutionNode = FALSE
	EndGlobalSection
EndGlobal
