
Microsoft Visual Studio Solution File, Format Version 12.00
# Visual Studio 15
VisualStudioVersion = 15.0.27004.2005
MinimumVisualStudioVersion = 10.0.40219.1
Project("{9A19103F-16F7-4668-BE54-9A1E7A4F7556}") = "SnappetChallenge.Mvc", "src\SnappetChallenge.Mvc\SnappetChallenge.Mvc.csproj", "{0CCF69C1-FC6A-463C-9DA5-B8C004ED5F60}"
EndProject
Project("{9A19103F-16F7-4668-BE54-9A1E7A4F7556}") = "SnappetChallenge.Test", "src\SnappetChallenge.Test\SnappetChallenge.Test.csproj", "{E1813275-5EC8-426D-BE39-096697C1A473}"
EndProject
Global
	GlobalSection(SolutionConfigurationPlatforms) = preSolution
		Debug|Any CPU = Debug|Any CPU
		Release|Any CPU = Release|Any CPU
	EndGlobalSection
	GlobalSection(ProjectConfigurationPlatforms) = postSolution
		{0CCF69C1-FC6A-463C-9DA5-B8C004ED5F60}.Debug|Any CPU.ActiveCfg = Debug|Any CPU
		{0CCF69C1-FC6A-463C-9DA5-B8C004ED5F60}.Debug|Any CPU.Build.0 = Debug|Any CPU
		{0CCF69C1-FC6A-463C-9DA5-B8C004ED5F60}.Release|Any CPU.ActiveCfg = Release|Any CPU
		{0CCF69C1-FC6A-463C-9DA5-B8C004ED5F60}.Release|Any CPU.Build.0 = Release|Any CPU
		{E1813275-5EC8-426D-BE39-096697C1A473}.Debug|Any CPU.ActiveCfg = Debug|Any CPU
		{E1813275-5EC8-426D-BE39-096697C1A473}.Debug|Any CPU.Build.0 = Debug|Any CPU
		{E1813275-5EC8-426D-BE39-096697C1A473}.Release|Any CPU.ActiveCfg = Release|Any CPU
		{E1813275-5EC8-426D-BE39-096697C1A473}.Release|Any CPU.Build.0 = Release|Any CPU
	EndGlobalSection
	GlobalSection(SolutionProperties) = preSolution
		HideSolutionNode = FALSE
	EndGlobalSection
	GlobalSection(ExtensibilityGlobals) = postSolution
		SolutionGuid = {9A6A3930-01E0-48C2-BE4B-FECCFA739FF6}
	EndGlobalSection
EndGlobal
