
Microsoft Visual Studio Solution File, Format Version 12.00
# Visual Studio 2012
Project("{FAE04EC0-301F-11D3-BF4B-00C04F79EFBC}") = "SimpleMVCApp", "SimpleMVCApp.csproj", "{A638857D-354A-421A-A6D4-FE478D69091E}"
EndProject
Global
	GlobalSection(SolutionConfigurationPlatforms) = preSolution
		Debug|Any CPU = Debug|Any CPU
		Release|Any CPU = Release|Any CPU
	EndGlobalSection
	GlobalSection(ProjectConfigurationPlatforms) = postSolution
		{A638857D-354A-421A-A6D4-FE478D69091E}.Debug|Any CPU.ActiveCfg = Debug|Any CPU
		{A638857D-354A-421A-A6D4-FE478D69091E}.Debug|Any CPU.Build.0 = Debug|Any CPU
		{A638857D-354A-421A-A6D4-FE478D69091E}.Release|Any CPU.ActiveCfg = Release|Any CPU
		{A638857D-354A-421A-A6D4-FE478D69091E}.Release|Any CPU.Build.0 = Release|Any CPU
	EndGlobalSection
	GlobalSection(SolutionProperties) = preSolution
		HideSolutionNode = FALSE
	EndGlobalSection
EndGlobal
