
Microsoft Visual Studio Solution File, Format Version 12.00
# Visual Studio 14
VisualStudioVersion = 14.0.25420.1
MinimumVisualStudioVersion = 10.0.40219.1
Project("{FAE04EC0-301F-11D3-BF4B-00C04F79EFBC}") = "Snappet.Infrastructure", "Snappet.Infrastructure\Snappet.Infrastructure.csproj", "{F3A8B445-B329-4D38-B3F3-DC3811F3B716}"
EndProject
Project("{FAE04EC0-301F-11D3-BF4B-00C04F79EFBC}") = "Snappet.Presentation", "Snappet.Presentation\Snappet.Presentation.csproj", "{65058F8A-E2BF-4DDC-A1F2-8C952721B808}"
EndProject
Global
	GlobalSection(SolutionConfigurationPlatforms) = preSolution
		Debug|Any CPU = Debug|Any CPU
		Release|Any CPU = Release|Any CPU
	EndGlobalSection
	GlobalSection(ProjectConfigurationPlatforms) = postSolution
		{F3A8B445-B329-4D38-B3F3-DC3811F3B716}.Debug|Any CPU.ActiveCfg = Debug|Any CPU
		{F3A8B445-B329-4D38-B3F3-DC3811F3B716}.Debug|Any CPU.Build.0 = Debug|Any CPU
		{F3A8B445-B329-4D38-B3F3-DC3811F3B716}.Release|Any CPU.ActiveCfg = Release|Any CPU
		{F3A8B445-B329-4D38-B3F3-DC3811F3B716}.Release|Any CPU.Build.0 = Release|Any CPU
		{65058F8A-E2BF-4DDC-A1F2-8C952721B808}.Debug|Any CPU.ActiveCfg = Debug|Any CPU
		{65058F8A-E2BF-4DDC-A1F2-8C952721B808}.Debug|Any CPU.Build.0 = Debug|Any CPU
		{65058F8A-E2BF-4DDC-A1F2-8C952721B808}.Release|Any CPU.ActiveCfg = Release|Any CPU
		{65058F8A-E2BF-4DDC-A1F2-8C952721B808}.Release|Any CPU.Build.0 = Release|Any CPU
	EndGlobalSection
	GlobalSection(SolutionProperties) = preSolution
		HideSolutionNode = FALSE
	EndGlobalSection
EndGlobal
