
Microsoft Visual Studio Solution File, Format Version 12.00
# Visual Studio 2013
VisualStudioVersion = 12.0.40629.0
MinimumVisualStudioVersion = 10.0.40219.1
Project("{FAE04EC0-301F-11D3-BF4B-00C04F79EFBC}") = "SnappetChallenge.Web", "SnappetChallenge.Web\SnappetChallenge.Web.csproj", "{83FCDD5D-1FC4-412B-9639-75489E84922E}"
EndProject
Project("{FAE04EC0-301F-11D3-BF4B-00C04F79EFBC}") = "SnappetChallenge.DAL", "SnappetChallenge.DAL\SnappetChallenge.DAL.csproj", "{0F4EAAC9-6AA0-4E7D-A8D7-CA3155D3E8F0}"
EndProject
Project("{FAE04EC0-301F-11D3-BF4B-00C04F79EFBC}") = "SnappetChallenge.Services", "SnappetChallenge.Services\SnappetChallenge.Services.csproj", "{FE3F6CC5-9250-44E5-8E7D-5DC5F185052A}"
EndProject
Global
	GlobalSection(SolutionConfigurationPlatforms) = preSolution
		Debug|Any CPU = Debug|Any CPU
		Release|Any CPU = Release|Any CPU
	EndGlobalSection
	GlobalSection(ProjectConfigurationPlatforms) = postSolution
		{83FCDD5D-1FC4-412B-9639-75489E84922E}.Debug|Any CPU.ActiveCfg = Debug|Any CPU
		{83FCDD5D-1FC4-412B-9639-75489E84922E}.Debug|Any CPU.Build.0 = Debug|Any CPU
		{83FCDD5D-1FC4-412B-9639-75489E84922E}.Release|Any CPU.ActiveCfg = Release|Any CPU
		{83FCDD5D-1FC4-412B-9639-75489E84922E}.Release|Any CPU.Build.0 = Release|Any CPU
		{0F4EAAC9-6AA0-4E7D-A8D7-CA3155D3E8F0}.Debug|Any CPU.ActiveCfg = Debug|Any CPU
		{0F4EAAC9-6AA0-4E7D-A8D7-CA3155D3E8F0}.Debug|Any CPU.Build.0 = Debug|Any CPU
		{0F4EAAC9-6AA0-4E7D-A8D7-CA3155D3E8F0}.Release|Any CPU.ActiveCfg = Release|Any CPU
		{0F4EAAC9-6AA0-4E7D-A8D7-CA3155D3E8F0}.Release|Any CPU.Build.0 = Release|Any CPU
		{FE3F6CC5-9250-44E5-8E7D-5DC5F185052A}.Debug|Any CPU.ActiveCfg = Debug|Any CPU
		{FE3F6CC5-9250-44E5-8E7D-5DC5F185052A}.Debug|Any CPU.Build.0 = Debug|Any CPU
		{FE3F6CC5-9250-44E5-8E7D-5DC5F185052A}.Release|Any CPU.ActiveCfg = Release|Any CPU
		{FE3F6CC5-9250-44E5-8E7D-5DC5F185052A}.Release|Any CPU.Build.0 = Release|Any CPU
	EndGlobalSection
	GlobalSection(SolutionProperties) = preSolution
		HideSolutionNode = FALSE
	EndGlobalSection
EndGlobal
