
Microsoft Visual Studio Solution File, Format Version 12.00
# Visual Studio Version 16
VisualStudioVersion = 16.0.30611.23
MinimumVisualStudioVersion = 10.0.40219.1
Project("{9A19103F-16F7-4668-BE54-9A1E7A4F7556}") = "Snappet.API", "Snappet.API\Snappet.API.csproj", "{892D6798-8432-4BB2-92D1-A1A39C0E8864}"
EndProject
Project("{9A19103F-16F7-4668-BE54-9A1E7A4F7556}") = "Snappet.Logic", "Snappet.Logic\Snappet.Logic.csproj", "{E9F06FBA-B509-4D5A-9F1C-6BCB612239F3}"
EndProject
Project("{FAE04EC0-301F-11D3-BF4B-00C04F79EFBC}") = "Snappet.Models", "Snappet.Models\Snappet.Models.csproj", "{5BF0590A-2E00-4175-BB99-95E51662FF8B}"
EndProject
Project("{FAE04EC0-301F-11D3-BF4B-00C04F79EFBC}") = "Snappet.ORM.Dapper", "Snappet.ORM.Dapper\Snappet.ORM.Dapper.csproj", "{E8BD3C87-12D5-4C9B-9DC7-AA45D33EAE51}"
EndProject
Global
	GlobalSection(SolutionConfigurationPlatforms) = preSolution
		Debug|Any CPU = Debug|Any CPU
		Release|Any CPU = Release|Any CPU
	EndGlobalSection
	GlobalSection(ProjectConfigurationPlatforms) = postSolution
		{892D6798-8432-4BB2-92D1-A1A39C0E8864}.Debug|Any CPU.ActiveCfg = Debug|Any CPU
		{892D6798-8432-4BB2-92D1-A1A39C0E8864}.Debug|Any CPU.Build.0 = Debug|Any CPU
		{892D6798-8432-4BB2-92D1-A1A39C0E8864}.Release|Any CPU.ActiveCfg = Release|Any CPU
		{892D6798-8432-4BB2-92D1-A1A39C0E8864}.Release|Any CPU.Build.0 = Release|Any CPU
		{E9F06FBA-B509-4D5A-9F1C-6BCB612239F3}.Debug|Any CPU.ActiveCfg = Debug|Any CPU
		{E9F06FBA-B509-4D5A-9F1C-6BCB612239F3}.Debug|Any CPU.Build.0 = Debug|Any CPU
		{E9F06FBA-B509-4D5A-9F1C-6BCB612239F3}.Release|Any CPU.ActiveCfg = Release|Any CPU
		{E9F06FBA-B509-4D5A-9F1C-6BCB612239F3}.Release|Any CPU.Build.0 = Release|Any CPU
		{5BF0590A-2E00-4175-BB99-95E51662FF8B}.Debug|Any CPU.ActiveCfg = Debug|Any CPU
		{5BF0590A-2E00-4175-BB99-95E51662FF8B}.Debug|Any CPU.Build.0 = Debug|Any CPU
		{5BF0590A-2E00-4175-BB99-95E51662FF8B}.Release|Any CPU.ActiveCfg = Release|Any CPU
		{5BF0590A-2E00-4175-BB99-95E51662FF8B}.Release|Any CPU.Build.0 = Release|Any CPU
		{E8BD3C87-12D5-4C9B-9DC7-AA45D33EAE51}.Debug|Any CPU.ActiveCfg = Debug|Any CPU
		{E8BD3C87-12D5-4C9B-9DC7-AA45D33EAE51}.Debug|Any CPU.Build.0 = Debug|Any CPU
		{E8BD3C87-12D5-4C9B-9DC7-AA45D33EAE51}.Release|Any CPU.ActiveCfg = Release|Any CPU
		{E8BD3C87-12D5-4C9B-9DC7-AA45D33EAE51}.Release|Any CPU.Build.0 = Release|Any CPU
	EndGlobalSection
	GlobalSection(SolutionProperties) = preSolution
		HideSolutionNode = FALSE
	EndGlobalSection
	GlobalSection(ExtensibilityGlobals) = postSolution
		SolutionGuid = {3EBB4557-4675-4495-97DF-0C379464AE85}
	EndGlobalSection
EndGlobal
