
Microsoft Visual Studio Solution File, Format Version 12.00
# Visual Studio 2013
VisualStudioVersion = 12.0.40629.0
MinimumVisualStudioVersion = 10.0.40219.1
Project("{FAE04EC0-301F-11D3-BF4B-00C04F79EFBC}") = "Snappet.Challenge.Web.Mvc", "Snappet.Challenge.Web.Mvc\Snappet.Challenge.Web.Mvc.csproj", "{3282C509-0358-420C-AEB3-929177A57F30}"
EndProject
Global
	GlobalSection(SolutionConfigurationPlatforms) = preSolution
		Debug|Any CPU = Debug|Any CPU
		Release|Any CPU = Release|Any CPU
	EndGlobalSection
	GlobalSection(ProjectConfigurationPlatforms) = postSolution
		{3282C509-0358-420C-AEB3-929177A57F30}.Debug|Any CPU.ActiveCfg = Debug|Any CPU
		{3282C509-0358-420C-AEB3-929177A57F30}.Debug|Any CPU.Build.0 = Debug|Any CPU
		{3282C509-0358-420C-AEB3-929177A57F30}.Release|Any CPU.ActiveCfg = Release|Any CPU
		{3282C509-0358-420C-AEB3-929177A57F30}.Release|Any CPU.Build.0 = Release|Any CPU
	EndGlobalSection
	GlobalSection(SolutionProperties) = preSolution
		HideSolutionNode = FALSE
	EndGlobalSection
EndGlobal
